
Microsoft Visual Studio Solution File, Format Version 12.00
# Visual Studio Version 17
VisualStudioVersion = 17.14.36705.20
MinimumVisualStudioVersion = 10.0.40219.1
Project("{FAE04EC0-301F-11D3-BF4B-00C04F79EFBC}") = "RecipeWebApp", "RecipeWebApp\RecipeWebApp.csproj", "{075871F7-23B0-473E-A272-ED9939904001}"
EndProject
Global
	GlobalSection(SolutionConfigurationPlatforms) = preSolution
		Debug|Any CPU = Debug|Any CPU
		Release|Any CPU = Release|Any CPU
	EndGlobalSection
	GlobalSection(ProjectConfigurationPlatforms) = postSolution
		{075871F7-23B0-473E-A272-ED9939904001}.Debug|Any CPU.ActiveCfg = Debug|Any CPU
		{075871F7-23B0-473E-A272-ED9939904001}.Debug|Any CPU.Build.0 = Debug|Any CPU
		{075871F7-23B0-473E-A272-ED9939904001}.Release|Any CPU.ActiveCfg = Release|Any CPU
		{075871F7-23B0-473E-A272-ED9939904001}.Release|Any CPU.Build.0 = Release|Any CPU
	EndGlobalSection
	GlobalSection(SolutionProperties) = preSolution
		HideSolutionNode = FALSE
	EndGlobalSection
	GlobalSection(ExtensibilityGlobals) = postSolution
		SolutionGuid = {0C8E468E-1731-4615-B10F-CB38ED8EAB11}
	EndGlobalSection
EndGlobal
